
Microsoft Visual Studio Solution File, Format Version 12.00
# Visual Studio Version 16
VisualStudioVersion = 16.0.31321.278
MinimumVisualStudioVersion = 10.0.40219.1
Project("{FAE04EC0-301F-11D3-BF4B-00C04F79EFBC}") = "Informacion_Personal.Android", "Informacion_Personal\Informacion_Personal.Android\Informacion_Personal.Android.csproj", "{C3B279FB-5130-46B3-A46D-102DE05F631A}"
EndProject
Project("{FAE04EC0-301F-11D3-BF4B-00C04F79EFBC}") = "Informacion_Personal.iOS", "Informacion_Personal\Informacion_Personal.iOS\Informacion_Personal.iOS.csproj", "{7BEFAEEC-39B0-4119-AD8F-A22DAD6825C0}"
EndProject
Project("{FAE04EC0-301F-11D3-BF4B-00C04F79EFBC}") = "Informacion_Personal", "Informacion_Personal\Informacion_Personal\Informacion_Personal.csproj", "{2496AB6C-E677-448A-857E-95C0CB8A5522}"
EndProject
Global
	GlobalSection(SolutionConfigurationPlatforms) = preSolution
		Debug|Any CPU = Debug|Any CPU
		Debug|iPhone = Debug|iPhone
		Debug|iPhoneSimulator = Debug|iPhoneSimulator
		Release|Any CPU = Release|Any CPU
		Release|iPhone = Release|iPhone
		Release|iPhoneSimulator = Release|iPhoneSimulator
	EndGlobalSection
	GlobalSection(ProjectConfigurationPlatforms) = postSolution
		{C3B279FB-5130-46B3-A46D-102DE05F631A}.Debug|Any CPU.ActiveCfg = Debug|Any CPU
		{C3B279FB-5130-46B3-A46D-102DE05F631A}.Debug|Any CPU.Build.0 = Debug|Any CPU
		{C3B279FB-5130-46B3-A46D-102DE05F631A}.Debug|Any CPU.Deploy.0 = Debug|Any CPU
		{C3B279FB-5130-46B3-A46D-102DE05F631A}.Debug|iPhone.ActiveCfg = Debug|Any CPU
		{C3B279FB-5130-46B3-A46D-102DE05F631A}.Debug|iPhone.Build.0 = Debug|Any CPU
		{C3B279FB-5130-46B3-A46D-102DE05F631A}.Debug|iPhone.Deploy.0 = Debug|Any CPU
		{C3B279FB-5130-46B3-A46D-102DE05F631A}.Debug|iPhoneSimulator.ActiveCfg = Debug|Any CPU
		{C3B279FB-5130-46B3-A46D-102DE05F631A}.Debug|iPhoneSimulator.Build.0 = Debug|Any CPU
		{C3B279FB-5130-46B3-A46D-102DE05F631A}.Debug|iPhoneSimulator.Deploy.0 = Debug|Any CPU
		{C3B279FB-5130-46B3-A46D-102DE05F631A}.Release|Any CPU.ActiveCfg = Release|Any CPU
		{C3B279FB-5130-46B3-A46D-102DE05F631A}.Release|Any CPU.Build.0 = Release|Any CPU
		{C3B279FB-5130-46B3-A46D-102DE05F631A}.Release|Any CPU.Deploy.0 = Release|Any CPU
		{C3B279FB-5130-46B3-A46D-102DE05F631A}.Release|iPhone.ActiveCfg = Release|Any CPU
		{C3B279FB-5130-46B3-A46D-102DE05F631A}.Release|iPhone.Build.0 = Release|Any CPU
		{C3B279FB-5130-46B3-A46D-102DE05F631A}.Release|iPhone.Deploy.0 = Release|Any CPU
		{C3B279FB-5130-46B3-A46D-102DE05F631A}.Release|iPhoneSimulator.ActiveCfg = Release|Any CPU
		{C3B279FB-5130-46B3-A46D-102DE05F631A}.Release|iPhoneSimulator.Build.0 = Release|Any CPU
		{C3B279FB-5130-46B3-A46D-102DE05F631A}.Release|iPhoneSimulator.Deploy.0 = Release|Any CPU
		{7BEFAEEC-39B0-4119-AD8F-A22DAD6825C0}.Debug|Any CPU.ActiveCfg = Debug|iPhone
		{7BEFAEEC-39B0-4119-AD8F-A22DAD6825C0}.Debug|Any CPU.Build.0 = Debug|iPhone
		{7BEFAEEC-39B0-4119-AD8F-A22DAD6825C0}.Debug|Any CPU.Deploy.0 = Debug|iPhone
		{7BEFAEEC-39B0-4119-AD8F-A22DAD6825C0}.Debug|iPhone.ActiveCfg = Debug|iPhone
		{7BEFAEEC-39B0-4119-AD8F-A22DAD6825C0}.Debug|iPhone.Build.0 = Debug|iPhone
		{7BEFAEEC-39B0-4119-AD8F-A22DAD6825C0}.Debug|iPhone.Deploy.0 = Debug|iPhone
		{7BEFAEEC-39B0-4119-AD8F-A22DAD6825C0}.Debug|iPhoneSimulator.ActiveCfg = Debug|iPhoneSimulator
		{7BEFAEEC-39B0-4119-AD8F-A22DAD6825C0}.Debug|iPhoneSimulator.Build.0 = Debug|iPhoneSimulator
		{7BEFAEEC-39B0-4119-AD8F-A22DAD6825C0}.Debug|iPhoneSimulator.Deploy.0 = Debug|iPhoneSimulator
		{7BEFAEEC-39B0-4119-AD8F-A22DAD6825C0}.Release|Any CPU.ActiveCfg = Release|iPhoneSimulator
		{7BEFAEEC-39B0-4119-AD8F-A22DAD6825C0}.Release|Any CPU.Build.0 = Release|iPhoneSimulator
		{7BEFAEEC-39B0-4119-AD8F-A22DAD6825C0}.Release|Any CPU.Deploy.0 = Release|iPhoneSimulator
		{7BEFAEEC-39B0-4119-AD8F-A22DAD6825C0}.Release|iPhone.ActiveCfg = Release|iPhone
		{7BEFAEEC-39B0-4119-AD8F-A22DAD6825C0}.Release|iPhone.Build.0 = Release|iPhone
		{7BEFAEEC-39B0-4119-AD8F-A22DAD6825C0}.Release|iPhone.Deploy.0 = Release|iPhone
		{7BEFAEEC-39B0-4119-AD8F-A22DAD6825C0}.Release|iPhoneSimulator.ActiveCfg = Release|iPhoneSimulator
		{7BEFAEEC-39B0-4119-AD8F-A22DAD6825C0}.Release|iPhoneSimulator.Build.0 = Release|iPhoneSimulator
		{7BEFAEEC-39B0-4119-AD8F-A22DAD6825C0}.Release|iPhoneSimulator.Deploy.0 = Release|iPhoneSimulator
		{2496AB6C-E677-448A-857E-95C0CB8A5522}.Debug|Any CPU.ActiveCfg = Debug|Any CPU
		{2496AB6C-E677-448A-857E-95C0CB8A5522}.Debug|Any CPU.Build.0 = Debug|Any CPU
		{2496AB6C-E677-448A-857E-95C0CB8A5522}.Debug|Any CPU.Deploy.0 = Debug|Any CPU
		{2496AB6C-E677-448A-857E-95C0CB8A5522}.Debug|iPhone.ActiveCfg = Debug|Any CPU
		{2496AB6C-E677-448A-857E-95C0CB8A5522}.Debug|iPhone.Build.0 = Debug|Any CPU
		{2496AB6C-E677-448A-857E-95C0CB8A5522}.Debug|iPhone.Deploy.0 = Debug|Any CPU
		{2496AB6C-E677-448A-857E-95C0CB8A5522}.Debug|iPhoneSimulator.ActiveCfg = Debug|Any CPU
		{2496AB6C-E677-448A-857E-95C0CB8A5522}.Debug|iPhoneSimulator.Build.0 = Debug|Any CPU
		{2496AB6C-E677-448A-857E-95C0CB8A5522}.Debug|iPhoneSimulator.Deploy.0 = Debug|Any CPU
		{2496AB6C-E677-448A-857E-95C0CB8A5522}.Release|Any CPU.ActiveCfg = Release|Any CPU
		{2496AB6C-E677-448A-857E-95C0CB8A5522}.Release|Any CPU.Build.0 = Release|Any CPU
		{2496AB6C-E677-448A-857E-95C0CB8A5522}.Release|Any CPU.Deploy.0 = Release|Any CPU
		{2496AB6C-E677-448A-857E-95C0CB8A5522}.Release|iPhone.ActiveCfg = Release|Any CPU
		{2496AB6C-E677-448A-857E-95C0CB8A5522}.Release|iPhone.Build.0 = Release|Any CPU
		{2496AB6C-E677-448A-857E-95C0CB8A5522}.Release|iPhone.Deploy.0 = Release|Any CPU
		{2496AB6C-E677-448A-857E-95C0CB8A5522}.Release|iPhoneSimulator.ActiveCfg = Release|Any CPU
		{2496AB6C-E677-448A-857E-95C0CB8A5522}.Release|iPhoneSimulator.Build.0 = Release|Any CPU
		{2496AB6C-E677-448A-857E-95C0CB8A5522}.Release|iPhoneSimulator.Deploy.0 = Release|Any CPU
	EndGlobalSection
	GlobalSection(SolutionProperties) = preSolution
		HideSolutionNode = FALSE
	EndGlobalSection
	GlobalSection(ExtensibilityGlobals) = postSolution
		SolutionGuid = {11C6CA4E-8658-4AA8-8CEA-C8560CBDE426}
	EndGlobalSection
EndGlobal
